
Microsoft Visual Studio Solution File, Format Version 12.00
# Visual Studio 15
VisualStudioVersion = 15.0.27130.2020
MinimumVisualStudioVersion = 10.0.40219.1
Project("{FAE04EC0-301F-11D3-BF4B-00C04F79EFBC}") = "CodingChallenge.Data.Tests", "CodingChallenge.Data.Tests\CodingChallenge.Data.Tests.csproj", "{CAC2DC96-0AEF-48C0-A6E4-07EF206B860A}"
EndProject
Project("{FAE04EC0-301F-11D3-BF4B-00C04F79EFBC}") = "CodingChallenge.Entities", "CodingChallenge.Entities\CodingChallenge.Entities.csproj", "{8D68A63E-2797-43E8-A17A-4622E8B90B4B}"
EndProject
Project("{2150E333-8FDC-42A3-9474-1A3956D46DE8}") = "LEEME", "LEEME", "{9C066216-E0ED-447F-ABCF-09839A1E4137}"
	ProjectSection(SolutionItems) = preProject
		README.md = README.md
	EndProjectSection
EndProject
Global
	GlobalSection(SolutionConfigurationPlatforms) = preSolution
		Debug|Any CPU = Debug|Any CPU
		Release|Any CPU = Release|Any CPU
	EndGlobalSection
	GlobalSection(ProjectConfigurationPlatforms) = postSolution
		{CAC2DC96-0AEF-48C0-A6E4-07EF206B860A}.Debug|Any CPU.ActiveCfg = Debug|Any CPU
		{CAC2DC96-0AEF-48C0-A6E4-07EF206B860A}.Debug|Any CPU.Build.0 = Debug|Any CPU
		{CAC2DC96-0AEF-48C0-A6E4-07EF206B860A}.Release|Any CPU.ActiveCfg = Release|Any CPU
		{CAC2DC96-0AEF-48C0-A6E4-07EF206B860A}.Release|Any CPU.Build.0 = Release|Any CPU
		{8D68A63E-2797-43E8-A17A-4622E8B90B4B}.Debug|Any CPU.ActiveCfg = Debug|Any CPU
		{8D68A63E-2797-43E8-A17A-4622E8B90B4B}.Debug|Any CPU.Build.0 = Debug|Any CPU
		{8D68A63E-2797-43E8-A17A-4622E8B90B4B}.Release|Any CPU.ActiveCfg = Release|Any CPU
		{8D68A63E-2797-43E8-A17A-4622E8B90B4B}.Release|Any CPU.Build.0 = Release|Any CPU
	EndGlobalSection
	GlobalSection(SolutionProperties) = preSolution
		HideSolutionNode = FALSE
	EndGlobalSection
	GlobalSection(ExtensibilityGlobals) = postSolution
		SolutionGuid = {E82C5A93-DECD-498F-B6C1-AB54CE536CAE}
	EndGlobalSection
EndGlobal
